
Microsoft Visual Studio Solution File, Format Version 12.00
# Visual Studio Version 16
VisualStudioVersion = 16.0.31112.23
MinimumVisualStudioVersion = 10.0.40219.1
Project("{FAE04EC0-301F-11D3-BF4B-00C04F79EFBC}") = "Ecommerce", "Ecommerce\Ecommerce.csproj", "{3BFC183E-1865-41B0-B82B-30791F43DFCF}"
EndProject
Project("{FAE04EC0-301F-11D3-BF4B-00C04F79EFBC}") = "Model", "Model\Model.csproj", "{D1F0F795-F4EE-4567-98BA-D9ACDBAF841F}"
EndProject
Global
	GlobalSection(SolutionConfigurationPlatforms) = preSolution
		Debug|Any CPU = Debug|Any CPU
		Release|Any CPU = Release|Any CPU
	EndGlobalSection
	GlobalSection(ProjectConfigurationPlatforms) = postSolution
		{3BFC183E-1865-41B0-B82B-30791F43DFCF}.Debug|Any CPU.ActiveCfg = Debug|Any CPU
		{3BFC183E-1865-41B0-B82B-30791F43DFCF}.Debug|Any CPU.Build.0 = Debug|Any CPU
		{3BFC183E-1865-41B0-B82B-30791F43DFCF}.Release|Any CPU.ActiveCfg = Release|Any CPU
		{3BFC183E-1865-41B0-B82B-30791F43DFCF}.Release|Any CPU.Build.0 = Release|Any CPU
		{D1F0F795-F4EE-4567-98BA-D9ACDBAF841F}.Debug|Any CPU.ActiveCfg = Debug|Any CPU
		{D1F0F795-F4EE-4567-98BA-D9ACDBAF841F}.Debug|Any CPU.Build.0 = Debug|Any CPU
		{D1F0F795-F4EE-4567-98BA-D9ACDBAF841F}.Release|Any CPU.ActiveCfg = Release|Any CPU
		{D1F0F795-F4EE-4567-98BA-D9ACDBAF841F}.Release|Any CPU.Build.0 = Release|Any CPU
	EndGlobalSection
	GlobalSection(SolutionProperties) = preSolution
		HideSolutionNode = FALSE
	EndGlobalSection
	GlobalSection(ExtensibilityGlobals) = postSolution
		SolutionGuid = {15393D7D-C564-430E-ACBD-D88C2DEE12C5}
	EndGlobalSection
EndGlobal
